
Microsoft Visual Studio Solution File, Format Version 12.00
# Visual Studio 15
VisualStudioVersion = 15.0.27130.2027
MinimumVisualStudioVersion = 10.0.40219.1
Project("{FAE04EC0-301F-11D3-BF4B-00C04F79EFBC}") = "BosquesUrbanosPublica.Android", "BosquesUrbanosPublica\BosquesUrbanosPublica.Android\BosquesUrbanosPublica.Android.csproj", "{05698FDE-A49B-4210-82CE-93F60BFE57B0}"
EndProject
Project("{FAE04EC0-301F-11D3-BF4B-00C04F79EFBC}") = "BosquesUrbanosPublica.iOS", "BosquesUrbanosPublica\BosquesUrbanosPublica.iOS\BosquesUrbanosPublica.iOS.csproj", "{C5C50F36-1741-42A5-A855-6C8DF9C4577D}"
EndProject
Project("{FAE04EC0-301F-11D3-BF4B-00C04F79EFBC}") = "BosquesUrbanosPublica", "BosquesUrbanosPublica\BosquesUrbanosPublica\BosquesUrbanosPublica.csproj", "{E4934A1B-DE83-458B-A703-72416BDEFF86}"
EndProject
Global
	GlobalSection(SolutionConfigurationPlatforms) = preSolution
		Ad-Hoc|Any CPU = Ad-Hoc|Any CPU
		Ad-Hoc|iPhone = Ad-Hoc|iPhone
		Ad-Hoc|iPhoneSimulator = Ad-Hoc|iPhoneSimulator
		AppStore|Any CPU = AppStore|Any CPU
		AppStore|iPhone = AppStore|iPhone
		AppStore|iPhoneSimulator = AppStore|iPhoneSimulator
		Debug|Any CPU = Debug|Any CPU
		Debug|iPhone = Debug|iPhone
		Debug|iPhoneSimulator = Debug|iPhoneSimulator
		Release|Any CPU = Release|Any CPU
		Release|iPhone = Release|iPhone
		Release|iPhoneSimulator = Release|iPhoneSimulator
	EndGlobalSection
	GlobalSection(ProjectConfigurationPlatforms) = postSolution
		{05698FDE-A49B-4210-82CE-93F60BFE57B0}.Ad-Hoc|Any CPU.ActiveCfg = Release|Any CPU
		{05698FDE-A49B-4210-82CE-93F60BFE57B0}.Ad-Hoc|Any CPU.Build.0 = Release|Any CPU
		{05698FDE-A49B-4210-82CE-93F60BFE57B0}.Ad-Hoc|Any CPU.Deploy.0 = Release|Any CPU
		{05698FDE-A49B-4210-82CE-93F60BFE57B0}.Ad-Hoc|iPhone.ActiveCfg = Release|Any CPU
		{05698FDE-A49B-4210-82CE-93F60BFE57B0}.Ad-Hoc|iPhone.Build.0 = Release|Any CPU
		{05698FDE-A49B-4210-82CE-93F60BFE57B0}.Ad-Hoc|iPhone.Deploy.0 = Release|Any CPU
		{05698FDE-A49B-4210-82CE-93F60BFE57B0}.Ad-Hoc|iPhoneSimulator.ActiveCfg = Release|Any CPU
		{05698FDE-A49B-4210-82CE-93F60BFE57B0}.Ad-Hoc|iPhoneSimulator.Build.0 = Release|Any CPU
		{05698FDE-A49B-4210-82CE-93F60BFE57B0}.Ad-Hoc|iPhoneSimulator.Deploy.0 = Release|Any CPU
		{05698FDE-A49B-4210-82CE-93F60BFE57B0}.AppStore|Any CPU.ActiveCfg = Release|Any CPU
		{05698FDE-A49B-4210-82CE-93F60BFE57B0}.AppStore|Any CPU.Build.0 = Release|Any CPU
		{05698FDE-A49B-4210-82CE-93F60BFE57B0}.AppStore|Any CPU.Deploy.0 = Release|Any CPU
		{05698FDE-A49B-4210-82CE-93F60BFE57B0}.AppStore|iPhone.ActiveCfg = Release|Any CPU
		{05698FDE-A49B-4210-82CE-93F60BFE57B0}.AppStore|iPhone.Build.0 = Release|Any CPU
		{05698FDE-A49B-4210-82CE-93F60BFE57B0}.AppStore|iPhone.Deploy.0 = Release|Any CPU
		{05698FDE-A49B-4210-82CE-93F60BFE57B0}.AppStore|iPhoneSimulator.ActiveCfg = Release|Any CPU
		{05698FDE-A49B-4210-82CE-93F60BFE57B0}.AppStore|iPhoneSimulator.Build.0 = Release|Any CPU
		{05698FDE-A49B-4210-82CE-93F60BFE57B0}.AppStore|iPhoneSimulator.Deploy.0 = Release|Any CPU
		{05698FDE-A49B-4210-82CE-93F60BFE57B0}.Debug|Any CPU.ActiveCfg = Debug|Any CPU
		{05698FDE-A49B-4210-82CE-93F60BFE57B0}.Debug|Any CPU.Build.0 = Debug|Any CPU
		{05698FDE-A49B-4210-82CE-93F60BFE57B0}.Debug|Any CPU.Deploy.0 = Debug|Any CPU
		{05698FDE-A49B-4210-82CE-93F60BFE57B0}.Debug|iPhone.ActiveCfg = Debug|Any CPU
		{05698FDE-A49B-4210-82CE-93F60BFE57B0}.Debug|iPhone.Build.0 = Debug|Any CPU
		{05698FDE-A49B-4210-82CE-93F60BFE57B0}.Debug|iPhone.Deploy.0 = Debug|Any CPU
		{05698FDE-A49B-4210-82CE-93F60BFE57B0}.Debug|iPhoneSimulator.ActiveCfg = Debug|Any CPU
		{05698FDE-A49B-4210-82CE-93F60BFE57B0}.Debug|iPhoneSimulator.Build.0 = Debug|Any CPU
		{05698FDE-A49B-4210-82CE-93F60BFE57B0}.Debug|iPhoneSimulator.Deploy.0 = Debug|Any CPU
		{05698FDE-A49B-4210-82CE-93F60BFE57B0}.Release|Any CPU.ActiveCfg = Release|Any CPU
		{05698FDE-A49B-4210-82CE-93F60BFE57B0}.Release|Any CPU.Build.0 = Release|Any CPU
		{05698FDE-A49B-4210-82CE-93F60BFE57B0}.Release|Any CPU.Deploy.0 = Release|Any CPU
		{05698FDE-A49B-4210-82CE-93F60BFE57B0}.Release|iPhone.ActiveCfg = Release|Any CPU
		{05698FDE-A49B-4210-82CE-93F60BFE57B0}.Release|iPhone.Build.0 = Release|Any CPU
		{05698FDE-A49B-4210-82CE-93F60BFE57B0}.Release|iPhone.Deploy.0 = Release|Any CPU
		{05698FDE-A49B-4210-82CE-93F60BFE57B0}.Release|iPhoneSimulator.ActiveCfg = Release|Any CPU
		{05698FDE-A49B-4210-82CE-93F60BFE57B0}.Release|iPhoneSimulator.Build.0 = Release|Any CPU
		{05698FDE-A49B-4210-82CE-93F60BFE57B0}.Release|iPhoneSimulator.Deploy.0 = Release|Any CPU
		{C5C50F36-1741-42A5-A855-6C8DF9C4577D}.Ad-Hoc|Any CPU.ActiveCfg = Ad-Hoc|iPhone
		{C5C50F36-1741-42A5-A855-6C8DF9C4577D}.Ad-Hoc|iPhone.ActiveCfg = Ad-Hoc|iPhone
		{C5C50F36-1741-42A5-A855-6C8DF9C4577D}.Ad-Hoc|iPhone.Build.0 = Ad-Hoc|iPhone
		{C5C50F36-1741-42A5-A855-6C8DF9C4577D}.Ad-Hoc|iPhoneSimulator.ActiveCfg = Ad-Hoc|iPhoneSimulator
		{C5C50F36-1741-42A5-A855-6C8DF9C4577D}.Ad-Hoc|iPhoneSimulator.Build.0 = Ad-Hoc|iPhoneSimulator
		{C5C50F36-1741-42A5-A855-6C8DF9C4577D}.AppStore|Any CPU.ActiveCfg = AppStore|iPhone
		{C5C50F36-1741-42A5-A855-6C8DF9C4577D}.AppStore|iPhone.ActiveCfg = AppStore|iPhone
		{C5C50F36-1741-42A5-A855-6C8DF9C4577D}.AppStore|iPhone.Build.0 = AppStore|iPhone
		{C5C50F36-1741-42A5-A855-6C8DF9C4577D}.AppStore|iPhoneSimulator.ActiveCfg = AppStore|iPhoneSimulator
		{C5C50F36-1741-42A5-A855-6C8DF9C4577D}.AppStore|iPhoneSimulator.Build.0 = AppStore|iPhoneSimulator
		{C5C50F36-1741-42A5-A855-6C8DF9C4577D}.Debug|Any CPU.ActiveCfg = Debug|iPhone
		{C5C50F36-1741-42A5-A855-6C8DF9C4577D}.Debug|iPhone.ActiveCfg = Debug|iPhone
		{C5C50F36-1741-42A5-A855-6C8DF9C4577D}.Debug|iPhone.Build.0 = Debug|iPhone
		{C5C50F36-1741-42A5-A855-6C8DF9C4577D}.Debug|iPhoneSimulator.ActiveCfg = Debug|iPhoneSimulator
		{C5C50F36-1741-42A5-A855-6C8DF9C4577D}.Debug|iPhoneSimulator.Build.0 = Debug|iPhoneSimulator
		{C5C50F36-1741-42A5-A855-6C8DF9C4577D}.Release|Any CPU.ActiveCfg = Release|iPhone
		{C5C50F36-1741-42A5-A855-6C8DF9C4577D}.Release|iPhone.ActiveCfg = Release|iPhone
		{C5C50F36-1741-42A5-A855-6C8DF9C4577D}.Release|iPhone.Build.0 = Release|iPhone
		{C5C50F36-1741-42A5-A855-6C8DF9C4577D}.Release|iPhoneSimulator.ActiveCfg = Release|iPhoneSimulator
		{C5C50F36-1741-42A5-A855-6C8DF9C4577D}.Release|iPhoneSimulator.Build.0 = Release|iPhoneSimulator
		{E4934A1B-DE83-458B-A703-72416BDEFF86}.Ad-Hoc|Any CPU.ActiveCfg = Debug|Any CPU
		{E4934A1B-DE83-458B-A703-72416BDEFF86}.Ad-Hoc|Any CPU.Build.0 = Debug|Any CPU
		{E4934A1B-DE83-458B-A703-72416BDEFF86}.Ad-Hoc|iPhone.ActiveCfg = Debug|Any CPU
		{E4934A1B-DE83-458B-A703-72416BDEFF86}.Ad-Hoc|iPhone.Build.0 = Debug|Any CPU
		{E4934A1B-DE83-458B-A703-72416BDEFF86}.Ad-Hoc|iPhoneSimulator.ActiveCfg = Debug|Any CPU
		{E4934A1B-DE83-458B-A703-72416BDEFF86}.Ad-Hoc|iPhoneSimulator.Build.0 = Debug|Any CPU
		{E4934A1B-DE83-458B-A703-72416BDEFF86}.AppStore|Any CPU.ActiveCfg = Debug|Any CPU
		{E4934A1B-DE83-458B-A703-72416BDEFF86}.AppStore|Any CPU.Build.0 = Debug|Any CPU
		{E4934A1B-DE83-458B-A703-72416BDEFF86}.AppStore|iPhone.ActiveCfg = Debug|Any CPU
		{E4934A1B-DE83-458B-A703-72416BDEFF86}.AppStore|iPhone.Build.0 = Debug|Any CPU
		{E4934A1B-DE83-458B-A703-72416BDEFF86}.AppStore|iPhoneSimulator.ActiveCfg = Debug|Any CPU
		{E4934A1B-DE83-458B-A703-72416BDEFF86}.AppStore|iPhoneSimulator.Build.0 = Debug|Any CPU
		{E4934A1B-DE83-458B-A703-72416BDEFF86}.Debug|Any CPU.ActiveCfg = Debug|Any CPU
		{E4934A1B-DE83-458B-A703-72416BDEFF86}.Debug|Any CPU.Build.0 = Debug|Any CPU
		{E4934A1B-DE83-458B-A703-72416BDEFF86}.Debug|iPhone.ActiveCfg = Debug|Any CPU
		{E4934A1B-DE83-458B-A703-72416BDEFF86}.Debug|iPhone.Build.0 = Debug|Any CPU
		{E4934A1B-DE83-458B-A703-72416BDEFF86}.Debug|iPhoneSimulator.ActiveCfg = Debug|Any CPU
		{E4934A1B-DE83-458B-A703-72416BDEFF86}.Debug|iPhoneSimulator.Build.0 = Debug|Any CPU
		{E4934A1B-DE83-458B-A703-72416BDEFF86}.Release|Any CPU.ActiveCfg = Release|Any CPU
		{E4934A1B-DE83-458B-A703-72416BDEFF86}.Release|Any CPU.Build.0 = Release|Any CPU
		{E4934A1B-DE83-458B-A703-72416BDEFF86}.Release|iPhone.ActiveCfg = Release|Any CPU
		{E4934A1B-DE83-458B-A703-72416BDEFF86}.Release|iPhone.Build.0 = Release|Any CPU
		{E4934A1B-DE83-458B-A703-72416BDEFF86}.Release|iPhoneSimulator.ActiveCfg = Release|Any CPU
		{E4934A1B-DE83-458B-A703-72416BDEFF86}.Release|iPhoneSimulator.Build.0 = Release|Any CPU
	EndGlobalSection
	GlobalSection(SolutionProperties) = preSolution
		HideSolutionNode = FALSE
	EndGlobalSection
	GlobalSection(ExtensibilityGlobals) = postSolution
		SolutionGuid = {BE200ED0-3ADC-43B4-9209-2AA55A243F06}
	EndGlobalSection
EndGlobal
